
Microsoft Visual Studio Solution File, Format Version 12.00
# Visual Studio Version 17
VisualStudioVersion = 17.2.32630.192
MinimumVisualStudioVersion = 10.0.40219.1
Project("{FAE04EC0-301F-11D3-BF4B-00C04F79EFBC}") = "Czytelnia", "Czytelnia\Czytelnia.csproj", "{67B07E60-6F74-4B92-9CFA-18F1FD6BC598}"
EndProject
Global
	GlobalSection(SolutionConfigurationPlatforms) = preSolution
		Debug|Any CPU = Debug|Any CPU
		Release|Any CPU = Release|Any CPU
	EndGlobalSection
	GlobalSection(ProjectConfigurationPlatforms) = postSolution
		{67B07E60-6F74-4B92-9CFA-18F1FD6BC598}.Debug|Any CPU.ActiveCfg = Debug|Any CPU
		{67B07E60-6F74-4B92-9CFA-18F1FD6BC598}.Debug|Any CPU.Build.0 = Debug|Any CPU
		{67B07E60-6F74-4B92-9CFA-18F1FD6BC598}.Release|Any CPU.ActiveCfg = Release|Any CPU
		{67B07E60-6F74-4B92-9CFA-18F1FD6BC598}.Release|Any CPU.Build.0 = Release|Any CPU
	EndGlobalSection
	GlobalSection(SolutionProperties) = preSolution
		HideSolutionNode = FALSE
	EndGlobalSection
	GlobalSection(ExtensibilityGlobals) = postSolution
		SolutionGuid = {ED215FA1-3563-4697-891B-A3E65061CAB1}
	EndGlobalSection
EndGlobal
